// !$*UTF8*$!
{
	archiveVersion = 1;
	classes = {
	};
	objectVersion = 51;
	objects = {

/* Begin PBXBuildFile section */
		58FE98F124EFED8700A4BCAC /* AppDelegate.swift in Sources */ = {isa = PBXBuildFile; fileRef = 58FE98F024EFED8700A4BCAC /* AppDelegate.swift */; };
		58FE98F324EFED8700A4BCAC /* SceneDelegate.swift in Sources */ = {isa = PBXBuildFile; fileRef = 58FE98F224EFED8700A4BCAC /* SceneDelegate.swift */; };
		58FE98F524EFED8700A4BCAC /* ViewController.swift in Sources */ = {isa = PBXBuildFile; fileRef = 58FE98F424EFED8700A4BCAC /* ViewController.swift */; };
		58FE98F824EFED8700A4BCAC /* Main.storyboard in Resources */ = {isa = PBXBuildFile; fileRef = 58FE98F624EFED8700A4BCAC /* Main.storyboard */; };
		58FE98FA24EFED8C00A4BCAC /* Assets.xcassets in Resources */ = {isa = PBXBuildFile; fileRef = 58FE98F924EFED8C00A4BCAC /* Assets.xcassets */; };
		58FE98FD24EFED8C00A4BCAC /* LaunchScreen.storyboard in Resources */ = {isa = PBXBuildFile; fileRef = 58FE98FB24EFED8C00A4BCAC /* LaunchScreen.storyboard */; };
		58FE990624EFEF4600A4BCAC /* PhotoCell.swift in Sources */ = {isa = PBXBuildFile; fileRef = 58FE990424EFEF4600A4BCAC /* PhotoCell.swift */; };
		58FE990724EFEF4600A4BCAC /* PhotoCell.xib in Resources */ = {isa = PBXBuildFile; fileRef = 58FE990524EFEF4600A4BCAC /* PhotoCell.xib */; };
		58FE990924EFF11700A4BCAC /* APIManager.swift in Sources */ = {isa = PBXBuildFile; fileRef = 58FE990824EFF11700A4BCAC /* APIManager.swift */; };
		BD32051AEB6CF2DADDD8CC4B /* Pods_InnoTech.framework in Frameworks */ = {isa = PBXBuildFile; fileRef = FC8823D8C7F2A4D93F6FA61F /* Pods_InnoTech.framework */; };
/* End PBXBuildFile section */

/* Begin PBXFileReference section */
		146EBECB98522E491DE0C86F /* Pods-InnoTech.debug.xcconfig */ = {isa = PBXFileReference; includeInIndex = 1; lastKnownFileType = text.xcconfig; name = "Pods-InnoTech.debug.xcconfig"; path = "Target Support Files/Pods-InnoTech/Pods-InnoTech.debug.xcconfig"; sourceTree = "<group>"; };
		2C3DDC4BB078DCD065DDDE98 /* Pods-InnoTech.release.xcconfig */ = {isa = PBXFileReference; includeInIndex = 1; lastKnownFileType = text.xcconfig; name = "Pods-InnoTech.release.xcconfig"; path = "Target Support Files/Pods-InnoTech/Pods-InnoTech.release.xcconfig"; sourceTree = "<group>"; };
		58FE98ED24EFED8700A4BCAC /* InnoTech.app */ = {isa = PBXFileReference; explicitFileType = wrapper.application; includeInIndex = 0; path = InnoTech.app; sourceTree = BUILT_PRODUCTS_DIR; };
		58FE98F024EFED8700A4BCAC /* AppDelegate.swift */ = {isa = PBXFileReference; lastKnownFileType = sourcecode.swift; path = AppDelegate.swift; sourceTree = "<group>"; };
		58FE98F224EFED8700A4BCAC /* SceneDelegate.swift */ = {isa = PBXFileReference; lastKnownFileType = sourcecode.swift; path = SceneDelegate.swift; sourceTree = "<group>"; };
		58FE98F424EFED8700A4BCAC /* ViewController.swift */ = {isa = PBXFileReference; lastKnownFileType = sourcecode.swift; path = ViewController.swift; sourceTree = "<group>"; };
		58FE98F724EFED8700A4BCAC /* Base */ = {isa = PBXFileReference; lastKnownFileType = file.storyboard; name = Base; path = Base.lproj/Main.storyboard; sourceTree = "<group>"; };
		58FE98F924EFED8C00A4BCAC /* Assets.xcassets */ = {isa = PBXFileReference; lastKnownFileType = folder.assetcatalog; path = Assets.xcassets; sourceTree = "<group>"; };
		58FE98FC24EFED8C00A4BCAC /* Base */ = {isa = PBXFileReference; lastKnownFileType = file.storyboard; name = Base; path = Base.lproj/LaunchScreen.storyboard; sourceTree = "<group>"; };
		58FE98FE24EFED8C00A4BCAC /* Info.plist */ = {isa = PBXFileReference; lastKnownFileType = text.plist.xml; path = Info.plist; sourceTree = "<group>"; };
		58FE990424EFEF4600A4BCAC /* PhotoCell.swift */ = {isa = PBXFileReference; lastKnownFileType = sourcecode.swift; path = PhotoCell.swift; sourceTree = "<group>"; };
		58FE990524EFEF4600A4BCAC /* PhotoCell.xib */ = {isa = PBXFileReference; lastKnownFileType = file.xib; path = PhotoCell.xib; sourceTree = "<group>"; };
		58FE990824EFF11700A4BCAC /* APIManager.swift */ = {isa = PBXFileReference; lastKnownFileType = sourcecode.swift; path = APIManager.swift; sourceTree = "<group>"; };
		FC8823D8C7F2A4D93F6FA61F /* Pods_InnoTech.framework */ = {isa = PBXFileReference; explicitFileType = wrapper.framework; includeInIndex = 0; path = Pods_InnoTech.framework; sourceTree = BUILT_PRODUCTS_DIR; };
/* End PBXFileReference section */

/* Begin PBXFrameworksBuildPhase section */
		58FE98EA24EFED8700A4BCAC /* Frameworks */ = {
			isa = PBXFrameworksBuildPhase;
			buildActionMask = 2147483647;
			files = (
				BD32051AEB6CF2DADDD8CC4B /* Pods_InnoTech.framework in Frameworks */,
			);
			runOnlyForDeploymentPostprocessing = 0;
		};
/* End PBXFrameworksBuildPhase section */

/* Begin PBXGroup section */
		1336355B7735E7F9ECDE16AD /* Pods */ = {
			isa = PBXGroup;
			children = (
				146EBECB98522E491DE0C86F /* Pods-InnoTech.debug.xcconfig */,
				2C3DDC4BB078DCD065DDDE98 /* Pods-InnoTech.release.xcconfig */,
			);
			path = Pods;
			sourceTree = "<group>";
		};
		58FE98E424EFED8700A4BCAC = {
			isa = PBXGroup;
			children = (
				58FE98EF24EFED8700A4BCAC /* InnoTech */,
				58FE98EE24EFED8700A4BCAC /* Products */,
				1336355B7735E7F9ECDE16AD /* Pods */,
				7168AB4D064560C70D1FA8BD /* Frameworks */,
			);
			sourceTree = "<group>";
		};
		58FE98EE24EFED8700A4BCAC /* Products */ = {
			isa = PBXGroup;
			children = (
				58FE98ED24EFED8700A4BCAC /* InnoTech.app */,
			);
			name = Products;
			sourceTree = "<group>";
		};
		58FE98EF24EFED8700A4BCAC /* InnoTech */ = {
			isa = PBXGroup;
			children = (
				58FE98F024EFED8700A4BCAC /* AppDelegate.swift */,
				58FE98F224EFED8700A4BCAC /* SceneDelegate.swift */,
				58FE98F424EFED8700A4BCAC /* ViewController.swift */,
				58FE98F624EFED8700A4BCAC /* Main.storyboard */,
				58FE990424EFEF4600A4BCAC /* PhotoCell.swift */,
				58FE990524EFEF4600A4BCAC /* PhotoCell.xib */,
				58FE990824EFF11700A4BCAC /* APIManager.swift */,
				58FE98F924EFED8C00A4BCAC /* Assets.xcassets */,
				58FE98FB24EFED8C00A4BCAC /* LaunchScreen.storyboard */,
				58FE98FE24EFED8C00A4BCAC /* Info.plist */,
			);
			path = InnoTech;
			sourceTree = "<group>";
		};
		7168AB4D064560C70D1FA8BD /* Frameworks */ = {
			isa = PBXGroup;
			children = (
				FC8823D8C7F2A4D93F6FA61F /* Pods_InnoTech.framework */,
			);
			name = Frameworks;
			sourceTree = "<group>";
		};
/* End PBXGroup section */

/* Begin PBXNativeTarget section */
		58FE98EC24EFED8700A4BCAC /* InnoTech */ = {
			isa = PBXNativeTarget;
			buildConfigurationList = 58FE990124EFED8C00A4BCAC /* Build configuration list for PBXNativeTarget "InnoTech" */;
			buildPhases = (
				5375AA9C494418E3CF21A62E /* [CP] Check Pods Manifest.lock */,
				58FE98E924EFED8700A4BCAC /* Sources */,
				58FE98EA24EFED8700A4BCAC /* Frameworks */,
				58FE98EB24EFED8700A4BCAC /* Resources */,
				5399DDC646F4C5F67BF9008F /* [CP] Embed Pods Frameworks */,
			);
			buildRules = (
			);
			dependencies = (
			);
			name = InnoTech;
			productName = InnoTech;
			productReference = 58FE98ED24EFED8700A4BCAC /* InnoTech.app */;
			productType = "com.apple.product-type.application";
		};
/* End PBXNativeTarget section */

/* Begin PBXProject section */
		58FE98E524EFED8700A4BCAC /* Project object */ = {
			isa = PBXProject;
			attributes = {
				LastSwiftUpdateCheck = 1160;
				LastUpgradeCheck = 1160;
				ORGANIZATIONNAME = "梁雅軒";
				TargetAttributes = {
					58FE98EC24EFED8700A4BCAC = {
						CreatedOnToolsVersion = 11.6;
					};
				};
			};
			buildConfigurationList = 58FE98E824EFED8700A4BCAC /* Build configuration list for PBXProject "InnoTech" */;
			compatibilityVersion = "Xcode 9.3";
			developmentRegion = en;
			hasScannedForEncodings = 0;
			knownRegions = (
				en,
				Base,
			);
			mainGroup = 58FE98E424EFED8700A4BCAC;
			productRefGroup = 58FE98EE24EFED8700A4BCAC /* Products */;
			projectDirPath = "";
			projectRoot = "";
			targets = (
				58FE98EC24EFED8700A4BCAC /* InnoTech */,
			);
		};
/* End PBXProject section */

/* Begin PBXResourcesBuildPhase section */
		58FE98EB24EFED8700A4BCAC /* Resources */ = {
			isa = PBXResourcesBuildPhase;
			buildActionMask = 2147483647;
			files = (
				58FE990724EFEF4600A4BCAC /* PhotoCell.xib in Resources */,
				58FE98FD24EFED8C00A4BCAC /* LaunchScreen.storyboard in Resources */,
				58FE98FA24EFED8C00A4BCAC /* Assets.xcassets in Resources */,
				58FE98F824EFED8700A4BCAC /* Main.storyboard in Resources */,
			);
			runOnlyForDeploymentPostprocessing = 0;
		};
/* End PBXResourcesBuildPhase section */

/* Begin PBXShellScriptBuildPhase section */
		5375AA9C494418E3CF21A62E /* [CP] Check Pods Manifest.lock */ = {
			isa = PBXShellScriptBuildPhase;
			buildActionMask = 2147483647;
			files = (
			);
			inputFileListPaths = (
			);
			inputPaths = (
				"${PODS_PODFILE_DIR_PATH}/Podfile.lock",
				"${PODS_ROOT}/Manifest.lock",
			);
			name = "[CP] Check Pods Manifest.lock";
			outputFileListPaths = (
			);
			outputPaths = (
				"$(DERIVED_FILE_DIR)/Pods-InnoTech-checkManifestLockResult.txt",
			);
			runOnlyForDeploymentPostprocessing = 0;
			shellPath = /bin/sh;
			shellScript = "diff \"${PODS_PODFILE_DIR_PATH}/Podfile.lock\" \"${PODS_ROOT}/Manifest.lock\" > /dev/null\nif [ $? != 0 ] ; then\n    # print error to STDERR\n    echo \"error: The sandbox is not in sync with the Podfile.lock. Run 'pod install' or update your CocoaPods installation.\" >&2\n    exit 1\nfi\n# This output is used by Xcode 'outputs' to avoid re-running this script phase.\necho \"SUCCESS\" > \"${SCRIPT_OUTPUT_FILE_0}\"\n";
			showEnvVarsInLog = 0;
		};
		5399DDC646F4C5F67BF9008F /* [CP] Embed Pods Frameworks */ = {
			isa = PBXShellScriptBuildPhase;
			buildActionMask = 2147483647;
			files = (
			);
			inputFileListPaths = (
				"${PODS_ROOT}/Target Support Files/Pods-InnoTech/Pods-InnoTech-frameworks-${CONFIGURATION}-input-files.xcfilelist",
			);
			name = "[CP] Embed Pods Frameworks";
			outputFileListPaths = (
				"${PODS_ROOT}/Target Support Files/Pods-InnoTech/Pods-InnoTech-frameworks-${CONFIGURATION}-output-files.xcfilelist",
			);
			runOnlyForDeploymentPostprocessing = 0;
			shellPath = /bin/sh;
			shellScript = "\"${PODS_ROOT}/Target Support Files/Pods-InnoTech/Pods-InnoTech-frameworks.sh\"\n";
			showEnvVarsInLog = 0;
		};
/* End PBXShellScriptBuildPhase section */

/* Begin PBXSourcesBuildPhase section */
		58FE98E924EFED8700A4BCAC /* Sources */ = {
			isa = PBXSourcesBuildPhase;
			buildActionMask = 2147483647;
			files = (
				58FE990624EFEF4600A4BCAC /* PhotoCell.swift in Sources */,
				58FE98F524EFED8700A4BCAC /* ViewController.swift in Sources */,
				58FE990924EFF11700A4BCAC /* APIManager.swift in Sources */,
				58FE98F124EFED8700A4BCAC /* AppDelegate.swift in Sources */,
				58FE98F324EFED8700A4BCAC /* SceneDelegate.swift in Sources */,
			);
			runOnlyForDeploymentPostprocessing = 0;
		};
/* End PBXSourcesBuildPhase section */

/* Begin PBXVariantGroup section */
		58FE98F624EFED8700A4BCAC /* Main.storyboard */ = {
			isa = PBXVariantGroup;
			children = (
				58FE98F724EFED8700A4BCAC /* Base */,
			);
			name = Main.storyboard;
			sourceTree = "<group>";
		};
		58FE98FB24EFED8C00A4BCAC /* LaunchScreen.storyboard */ = {
			isa = PBXVariantGroup;
			children = (
				58FE98FC24EFED8C00A4BCAC /* Base */,
			);
			name = LaunchScreen.storyboard;
			sourceTree = "<group>";
		};
/* End PBXVariantGroup section */

/* Begin XCBuildConfiguration section */
		58FE98FF24EFED8C00A4BCAC /* Debug */ = {
			isa = XCBuildConfiguration;
			buildSettings = {
				ALWAYS_SEARCH_USER_PATHS = NO;
				CLANG_ANALYZER_NONNULL = YES;
				CLANG_ANALYZER_NUMBER_OBJECT_CONVERSION = YES_AGGRESSIVE;
				CLANG_CXX_LANGUAGE_STANDARD = "gnu++14";
				CLANG_CXX_LIBRARY = "libc++";
				CLANG_ENABLE_MODULES = YES;
				CLANG_ENABLE_OBJC_ARC = YES;
				CLANG_ENABLE_OBJC_WEAK = YES;
				CLANG_WARN_BLOCK_CAPTURE_AUTORELEASING = YES;
				CLANG_WARN_BOOL_CONVERSION = YES;
				CLANG_WARN_COMMA = YES;
				CLANG_WARN_CONSTANT_CONVERSION = YES;
				CLANG_WARN_DEPRECATED_OBJC_IMPLEMENTATIONS = YES;
				CLANG_WARN_DIRECT_OBJC_ISA_USAGE = YES_ERROR;
				CLANG_WARN_DOCUMENTATION_COMMENTS = YES;
				CLANG_WARN_EMPTY_BODY = YES;
				CLANG_WARN_ENUM_CONVERSION = YES;
				CLANG_WARN_INFINITE_RECURSION = YES;
				CLANG_WARN_INT_CONVERSION = YES;
				CLANG_WARN_NON_LITERAL_NULL_CONVERSION = YES;
				CLANG_WARN_OBJC_IMPLICIT_RETAIN_SELF = YES;
				CLANG_WARN_OBJC_LITERAL_CONVERSION = YES;
				CLANG_WARN_OBJC_ROOT_CLASS = YES_ERROR;
				CLANG_WARN_RANGE_LOOP_ANALYSIS = YES;
				CLANG_WARN_STRICT_PROTOTYPES = YES;
				CLANG_WARN_SUSPICIOUS_MOVE = YES;
				CLANG_WARN_UNGUARDED_AVAILABILITY = YES_AGGRESSIVE;
				CLANG_WARN_UNREACHABLE_CODE = YES;
				CLANG_WARN__DUPLICATE_METHOD_MATCH = YES;
				COPY_PHASE_STRIP = NO;
				DEBUG_INFORMATION_FORMAT = dwarf;
				ENABLE_STRICT_OBJC_MSGSEND = YES;
				ENABLE_TESTABILITY = YES;
				GCC_C_LANGUAGE_STANDARD = gnu11;
				GCC_DYNAMIC_NO_PIC = NO;
				GCC_NO_COMMON_BLOCKS = YES;
				GCC_OPTIMIZATION_LEVEL = 0;
				GCC_PREPROCESSOR_DEFINITIONS = (
					"DEBUG=1",
					"$(inherited)",
				);
				GCC_WARN_64_TO_32_BIT_CONVERSION = YES;
				GCC_WARN_ABOUT_RETURN_TYPE = YES_ERROR;
				GCC_WARN_UNDECLARED_SELECTOR = YES;
				GCC_WARN_UNINITIALIZED_AUTOS = YES_AGGRESSIVE;
				GCC_WARN_UNUSED_FUNCTION = YES;
				GCC_WARN_UNUSED_VARIABLE = YES;
				IPHONEOS_DEPLOYMENT_TARGET = 13.6;
				MTL_ENABLE_DEBUG_INFO = INCLUDE_SOURCE;
				MTL_FAST_MATH = YES;
				ONLY_ACTIVE_ARCH = YES;
				SDKROOT = iphoneos;
				SWIFT_ACTIVE_COMPILATION_CONDITIONS = DEBUG;
				SWIFT_OPTIMIZATION_LEVEL = "-Onone";
			};
			name = Debug;
		};
		58FE990024EFED8C00A4BCAC /* Release */ = {
			isa = XCBuildConfiguration;
			buildSettings = {
				ALWAYS_SEARCH_USER_PATHS = NO;
				CLANG_ANALYZER_NONNULL = YES;
				CLANG_ANALYZER_NUMBER_OBJECT_CONVERSION = YES_AGGRESSIVE;
				CLANG_CXX_LANGUAGE_STANDARD = "gnu++14";
				CLANG_CXX_LIBRARY = "libc++";
				CLANG_ENABLE_MODULES = YES;
				CLANG_ENABLE_OBJC_ARC = YES;
				CLANG_ENABLE_OBJC_WEAK = YES;
				CLANG_WARN_BLOCK_CAPTURE_AUTORELEASING = YES;
				CLANG_WARN_BOOL_CONVERSION = YES;
				CLANG_WARN_COMMA = YES;
				CLANG_WARN_CONSTANT_CONVERSION = YES;
				CLANG_WARN_DEPRECATED_OBJC_IMPLEMENTATIONS = YES;
				CLANG_WARN_DIRECT_OBJC_ISA_USAGE = YES_ERROR;
				CLANG_WARN_DOCUMENTATION_COMMENTS = YES;
				CLANG_WARN_EMPTY_BODY = YES;
				CLANG_WARN_ENUM_CONVERSION = YES;
				CLANG_WARN_INFINITE_RECURSION = YES;
				CLANG_WARN_INT_CONVERSION = YES;
				CLANG_WARN_NON_LITERAL_NULL_CONVERSION = YES;
				CLANG_WARN_OBJC_IMPLICIT_RETAIN_SELF = YES;
				CLANG_WARN_OBJC_LITERAL_CONVERSION = YES;
				CLANG_WARN_OBJC_ROOT_CLASS = YES_ERROR;
				CLANG_WARN_RANGE_LOOP_ANALYSIS = YES;
				CLANG_WARN_STRICT_PROTOTYPES = YES;
				CLANG_WARN_SUSPICIOUS_MOVE = YES;
				CLANG_WARN_UNGUARDED_AVAILABILITY = YES_AGGRESSIVE;
				CLANG_WARN_UNREACHABLE_CODE = YES;
				CLANG_WARN__DUPLICATE_METHOD_MATCH = YES;
				COPY_PHASE_STRIP = NO;
				DEBUG_INFORMATION_FORMAT = "dwarf-with-dsym";
				ENABLE_NS_ASSERTIONS = NO;
				ENABLE_STRICT_OBJC_MSGSEND = YES;
				GCC_C_LANGUAGE_STANDARD = gnu11;
				GCC_NO_COMMON_BLOCKS = YES;
				GCC_WARN_64_TO_32_BIT_CONVERSION = YES;
				GCC_WARN_ABOUT_RETURN_TYPE = YES_ERROR;
				GCC_WARN_UNDECLARED_SELECTOR = YES;
				GCC_WARN_UNINITIALIZED_AUTOS = YES_AGGRESSIVE;
				GCC_WARN_UNUSED_FUNCTION = YES;
				GCC_WARN_UNUSED_VARIABLE = YES;
				IPHONEOS_DEPLOYMENT_TARGET = 13.6;
				MTL_ENABLE_DEBUG_INFO = NO;
				MTL_FAST_MATH = YES;
				SDKROOT = iphoneos;
				SWIFT_COMPILATION_MODE = wholemodule;
				SWIFT_OPTIMIZATION_LEVEL = "-O";
				VALIDATE_PRODUCT = YES;
			};
			name = Release;
		};
		58FE990224EFED8C00A4BCAC /* Debug */ = {
			isa = XCBuildConfiguration;
			baseConfigurationReference = 146EBECB98522E491DE0C86F /* Pods-InnoTech.debug.xcconfig */;
			buildSettings = {
				ASSETCATALOG_COMPILER_APPICON_NAME = AppIcon;
				CODE_SIGN_STYLE = Automatic;
				DEVELOPMENT_TEAM = 9K5V99PBUR;
				INFOPLIST_FILE = InnoTech/Info.plist;
				LD_RUNPATH_SEARCH_PATHS = (
					"$(inherited)",
					"@executable_path/Frameworks",
				);
				PRODUCT_BUNDLE_IDENTIFIER = com.tac.InnoTech;
				PRODUCT_NAME = "$(TARGET_NAME)";
				SWIFT_VERSION = 5.0;
				TARGETED_DEVICE_FAMILY = "1,2";
			};
			name = Debug;
		};
		58FE990324EFED8C00A4BCAC /* Release */ = {
			isa = XCBuildConfiguration;
			baseConfigurationReference = 2C3DDC4BB078DCD065DDDE98 /* Pods-InnoTech.release.xcconfig */;
			buildSettings = {
				ASSETCATALOG_COMPILER_APPICON_NAME = AppIcon;
				CODE_SIGN_STYLE = Automatic;
				DEVELOPMENT_TEAM = 9K5V99PBUR;
				INFOPLIST_FILE = InnoTech/Info.plist;
				LD_RUNPATH_SEARCH_PATHS = (
					"$(inherited)",
					"@executable_path/Frameworks",
				);
				PRODUCT_BUNDLE_IDENTIFIER = com.tac.InnoTech;
				PRODUCT_NAME = "$(TARGET_NAME)";
				SWIFT_VERSION = 5.0;
				TARGETED_DEVICE_FAMILY = "1,2";
			};
			name = Release;
		};
/* End XCBuildConfiguration section */

/* Begin XCConfigurationList section */
		58FE98E824EFED8700A4BCAC /* Build configuration list for PBXProject "InnoTech" */ = {
			isa = XCConfigurationList;
			buildConfigurations = (
				58FE98FF24EFED8C00A4BCAC /* Debug */,
				58FE990024EFED8C00A4BCAC /* Release */,
			);
			defaultConfigurationIsVisible = 0;
			defaultConfigurationName = Release;
		};
		58FE990124EFED8C00A4BCAC /* Build configuration list for PBXNativeTarget "InnoTech" */ = {
			isa = XCConfigurationList;
			buildConfigurations = (
				58FE990224EFED8C00A4BCAC /* Debug */,
				58FE990324EFED8C00A4BCAC /* Release */,
			);
			defaultConfigurationIsVisible = 0;
			defaultConfigurationName = Release;
		};
/* End XCConfigurationList section */
	};
	rootObject = 58FE98E524EFED8700A4BCAC /* Project object */;
}
